// !$*UTF8*$!
{
	archiveVersion = 1;
	classes = {
	};
	objectVersion = 50;
	objects = {

/* Begin PBXBuildFile section */
		3B896BE327858CC40062D901 /* Repository.swift in Sources */ = {isa = PBXBuildFile; fileRef = 3B896BE227858CC40062D901 /* Repository.swift */; };
		3B896BE52785A1410062D901 /* NoteViewController.swift in Sources */ = {isa = PBXBuildFile; fileRef = 3B896BE42785A1410062D901 /* NoteViewController.swift */; };
		3B896BE82785FA760062D901 /* Localizable.strings in Resources */ = {isa = PBXBuildFile; fileRef = 3B896BEA2785FA760062D901 /* Localizable.strings */; };
		3BFC8F9C2784BA720038BDBB /* AppDelegate.swift in Sources */ = {isa = PBXBuildFile; fileRef = 3BFC8F9B2784BA720038BDBB /* AppDelegate.swift */; };
		3BFC8F9E2784BA720038BDBB /* SceneDelegate.swift in Sources */ = {isa = PBXBuildFile; fileRef = 3BFC8F9D2784BA720038BDBB /* SceneDelegate.swift */; };
		3BFC8FA32784BA720038BDBB /* Main.storyboard in Resources */ = {isa = PBXBuildFile; fileRef = 3BFC8FA12784BA720038BDBB /* Main.storyboard */; };
		3BFC8FA62784BA720038BDBB /* Notes.xcdatamodeld in Sources */ = {isa = PBXBuildFile; fileRef = 3BFC8FA42784BA720038BDBB /* Notes.xcdatamodeld */; };
		3BFC8FA82784BA730038BDBB /* Assets.xcassets in Resources */ = {isa = PBXBuildFile; fileRef = 3BFC8FA72784BA730038BDBB /* Assets.xcassets */; };
		3BFC8FAB2784BA730038BDBB /* LaunchScreen.storyboard in Resources */ = {isa = PBXBuildFile; fileRef = 3BFC8FA92784BA730038BDBB /* LaunchScreen.storyboard */; };
		3BFC8FB32784BBC40038BDBB /* NotesTableViewController.swift in Sources */ = {isa = PBXBuildFile; fileRef = 3BFC8FB22784BBC40038BDBB /* NotesTableViewController.swift */; };
		3BFC8FB52784BED90038BDBB /* Types.swift in Sources */ = {isa = PBXBuildFile; fileRef = 3BFC8FB42784BED90038BDBB /* Types.swift */; };
		3BFC8FB92784E3390038BDBB /* EntryViewController.swift in Sources */ = {isa = PBXBuildFile; fileRef = 3BFC8FB82784E3390038BDBB /* EntryViewController.swift */; };
/* End PBXBuildFile section */

/* Begin PBXFileReference section */
		3B896BE227858CC40062D901 /* Repository.swift */ = {isa = PBXFileReference; lastKnownFileType = sourcecode.swift; path = Repository.swift; sourceTree = "<group>"; };
		3B896BE42785A1410062D901 /* NoteViewController.swift */ = {isa = PBXFileReference; lastKnownFileType = sourcecode.swift; path = NoteViewController.swift; sourceTree = "<group>"; };
		3B896BE92785FA760062D901 /* en */ = {isa = PBXFileReference; lastKnownFileType = text.plist.strings; name = en; path = en.lproj/Localizable.strings; sourceTree = "<group>"; };
		3B896BEB2785FB110062D901 /* de */ = {isa = PBXFileReference; lastKnownFileType = text.plist.strings; name = de; path = de.lproj/Main.strings; sourceTree = "<group>"; };
		3B896BEC2785FB110062D901 /* de */ = {isa = PBXFileReference; lastKnownFileType = text.plist.strings; name = de; path = de.lproj/LaunchScreen.strings; sourceTree = "<group>"; };
		3B896BED2785FB110062D901 /* de */ = {isa = PBXFileReference; lastKnownFileType = text.plist.strings; name = de; path = de.lproj/Localizable.strings; sourceTree = "<group>"; };
		3BFC8F982784BA720038BDBB /* Notes.app */ = {isa = PBXFileReference; explicitFileType = wrapper.application; includeInIndex = 0; path = Notes.app; sourceTree = BUILT_PRODUCTS_DIR; };
		3BFC8F9B2784BA720038BDBB /* AppDelegate.swift */ = {isa = PBXFileReference; lastKnownFileType = sourcecode.swift; path = AppDelegate.swift; sourceTree = "<group>"; };
		3BFC8F9D2784BA720038BDBB /* SceneDelegate.swift */ = {isa = PBXFileReference; lastKnownFileType = sourcecode.swift; path = SceneDelegate.swift; sourceTree = "<group>"; };
		3BFC8FA22784BA720038BDBB /* Base */ = {isa = PBXFileReference; lastKnownFileType = file.storyboard; name = Base; path = Base.lproj/Main.storyboard; sourceTree = "<group>"; };
		3BFC8FA52784BA720038BDBB /* Notes.xcdatamodel */ = {isa = PBXFileReference; lastKnownFileType = wrapper.xcdatamodel; path = Notes.xcdatamodel; sourceTree = "<group>"; };
		3BFC8FA72784BA730038BDBB /* Assets.xcassets */ = {isa = PBXFileReference; lastKnownFileType = folder.assetcatalog; path = Assets.xcassets; sourceTree = "<group>"; };
		3BFC8FAA2784BA730038BDBB /* Base */ = {isa = PBXFileReference; lastKnownFileType = file.storyboard; name = Base; path = Base.lproj/LaunchScreen.storyboard; sourceTree = "<group>"; };
		3BFC8FAC2784BA730038BDBB /* Info.plist */ = {isa = PBXFileReference; lastKnownFileType = text.plist.xml; path = Info.plist; sourceTree = "<group>"; };
		3BFC8FB22784BBC40038BDBB /* NotesTableViewController.swift */ = {isa = PBXFileReference; lastKnownFileType = sourcecode.swift; path = NotesTableViewController.swift; sourceTree = "<group>"; };
		3BFC8FB42784BED90038BDBB /* Types.swift */ = {isa = PBXFileReference; lastKnownFileType = sourcecode.swift; path = Types.swift; sourceTree = "<group>"; };
		3BFC8FB82784E3390038BDBB /* EntryViewController.swift */ = {isa = PBXFileReference; lastKnownFileType = sourcecode.swift; path = EntryViewController.swift; sourceTree = "<group>"; };
/* End PBXFileReference section */

/* Begin PBXFrameworksBuildPhase section */
		3BFC8F952784BA720038BDBB /* Frameworks */ = {
			isa = PBXFrameworksBuildPhase;
			buildActionMask = 2147483647;
			files = (
			);
			runOnlyForDeploymentPostprocessing = 0;
		};
/* End PBXFrameworksBuildPhase section */

/* Begin PBXGroup section */
		3BFC8F8F2784BA720038BDBB = {
			isa = PBXGroup;
			children = (
				3BFC8F9A2784BA720038BDBB /* Notes */,
				3BFC8F992784BA720038BDBB /* Products */,
			);
			sourceTree = "<group>";
		};
		3BFC8F992784BA720038BDBB /* Products */ = {
			isa = PBXGroup;
			children = (
				3BFC8F982784BA720038BDBB /* Notes.app */,
			);
			name = Products;
			sourceTree = "<group>";
		};
		3BFC8F9A2784BA720038BDBB /* Notes */ = {
			isa = PBXGroup;
			children = (
				3BFC8F9B2784BA720038BDBB /* AppDelegate.swift */,
				3BFC8F9D2784BA720038BDBB /* SceneDelegate.swift */,
				3BFC8FA12784BA720038BDBB /* Main.storyboard */,
				3BFC8FB82784E3390038BDBB /* EntryViewController.swift */,
				3BFC8FB22784BBC40038BDBB /* NotesTableViewController.swift */,
				3B896BE42785A1410062D901 /* NoteViewController.swift */,
				3BFC8FB42784BED90038BDBB /* Types.swift */,
				3B896BE227858CC40062D901 /* Repository.swift */,
				3B896BEA2785FA760062D901 /* Localizable.strings */,
				3BFC8FA72784BA730038BDBB /* Assets.xcassets */,
				3BFC8FA92784BA730038BDBB /* LaunchScreen.storyboard */,
				3BFC8FAC2784BA730038BDBB /* Info.plist */,
				3BFC8FA42784BA720038BDBB /* Notes.xcdatamodeld */,
			);
			path = Notes;
			sourceTree = "<group>";
		};
/* End PBXGroup section */

/* Begin PBXNativeTarget section */
		3BFC8F972784BA720038BDBB /* Notes */ = {
			isa = PBXNativeTarget;
			buildConfigurationList = 3BFC8FAF2784BA730038BDBB /* Build configuration list for PBXNativeTarget "Notes" */;
			buildPhases = (
				3BFC8F942784BA720038BDBB /* Sources */,
				3BFC8F952784BA720038BDBB /* Frameworks */,
				3BFC8F962784BA720038BDBB /* Resources */,
			);
			buildRules = (
			);
			dependencies = (
			);
			name = Notes;
			productName = Notes;
			productReference = 3BFC8F982784BA720038BDBB /* Notes.app */;
			productType = "com.apple.product-type.application";
		};
/* End PBXNativeTarget section */

/* Begin PBXProject section */
		3BFC8F902784BA720038BDBB /* Project object */ = {
			isa = PBXProject;
			attributes = {
				LastSwiftUpdateCheck = 1130;
				LastUpgradeCheck = 1130;
				ORGANIZATIONNAME = boehmich;
				TargetAttributes = {
					3BFC8F972784BA720038BDBB = {
						CreatedOnToolsVersion = 11.3.1;
					};
				};
			};
			buildConfigurationList = 3BFC8F932784BA720038BDBB /* Build configuration list for PBXProject "Notes" */;
			compatibilityVersion = "Xcode 9.3";
			developmentRegion = en;
			hasScannedForEncodings = 0;
			knownRegions = (
				en,
				Base,
				de,
			);
			mainGroup = 3BFC8F8F2784BA720038BDBB;
			productRefGroup = 3BFC8F992784BA720038BDBB /* Products */;
			projectDirPath = "";
			projectRoot = "";
			targets = (
				3BFC8F972784BA720038BDBB /* Notes */,
			);
		};
/* End PBXProject section */

/* Begin PBXResourcesBuildPhase section */
		3BFC8F962784BA720038BDBB /* Resources */ = {
			isa = PBXResourcesBuildPhase;
			buildActionMask = 2147483647;
			files = (
				3BFC8FAB2784BA730038BDBB /* LaunchScreen.storyboard in Resources */,
				3B896BE82785FA760062D901 /* Localizable.strings in Resources */,
				3BFC8FA82784BA730038BDBB /* Assets.xcassets in Resources */,
				3BFC8FA32784BA720038BDBB /* Main.storyboard in Resources */,
			);
			runOnlyForDeploymentPostprocessing = 0;
		};
/* End PBXResourcesBuildPhase section */

/* Begin PBXSourcesBuildPhase section */
		3BFC8F942784BA720038BDBB /* Sources */ = {
			isa = PBXSourcesBuildPhase;
			buildActionMask = 2147483647;
			files = (
				3B896BE52785A1410062D901 /* NoteViewController.swift in Sources */,
				3B896BE327858CC40062D901 /* Repository.swift in Sources */,
				3BFC8F9C2784BA720038BDBB /* AppDelegate.swift in Sources */,
				3BFC8FB32784BBC40038BDBB /* NotesTableViewController.swift in Sources */,
				3BFC8F9E2784BA720038BDBB /* SceneDelegate.swift in Sources */,
				3BFC8FB52784BED90038BDBB /* Types.swift in Sources */,
				3BFC8FA62784BA720038BDBB /* Notes.xcdatamodeld in Sources */,
				3BFC8FB92784E3390038BDBB /* EntryViewController.swift in Sources */,
			);
			runOnlyForDeploymentPostprocessing = 0;
		};
/* End PBXSourcesBuildPhase section */

/* Begin PBXVariantGroup section */
		3B896BEA2785FA760062D901 /* Localizable.strings */ = {
			isa = PBXVariantGroup;
			children = (
				3B896BE92785FA760062D901 /* en */,
				3B896BED2785FB110062D901 /* de */,
			);
			name = Localizable.strings;
			sourceTree = "<group>";
		};
		3BFC8FA12784BA720038BDBB /* Main.storyboard */ = {
			isa = PBXVariantGroup;
			children = (
				3BFC8FA22784BA720038BDBB /* Base */,
				3B896BEB2785FB110062D901 /* de */,
			);
			name = Main.storyboard;
			sourceTree = "<group>";
		};
		3BFC8FA92784BA730038BDBB /* LaunchScreen.storyboard */ = {
			isa = PBXVariantGroup;
			children = (
				3BFC8FAA2784BA730038BDBB /* Base */,
				3B896BEC2785FB110062D901 /* de */,
			);
			name = LaunchScreen.storyboard;
			sourceTree = "<group>";
		};
/* End PBXVariantGroup section */

/* Begin XCBuildConfiguration section */
		3BFC8FAD2784BA730038BDBB /* Debug */ = {
			isa = XCBuildConfiguration;
			buildSettings = {
				ALWAYS_SEARCH_USER_PATHS = NO;
				CLANG_ANALYZER_LOCALIZABILITY_NONLOCALIZED = YES;
				CLANG_ANALYZER_NONNULL = YES;
				CLANG_ANALYZER_NUMBER_OBJECT_CONVERSION = YES_AGGRESSIVE;
				CLANG_CXX_LANGUAGE_STANDARD = "gnu++14";
				CLANG_CXX_LIBRARY = "libc++";
				CLANG_ENABLE_MODULES = YES;
				CLANG_ENABLE_OBJC_ARC = YES;
				CLANG_ENABLE_OBJC_WEAK = YES;
				CLANG_WARN_BLOCK_CAPTURE_AUTORELEASING = YES;
				CLANG_WARN_BOOL_CONVERSION = YES;
				CLANG_WARN_COMMA = YES;
				CLANG_WARN_CONSTANT_CONVERSION = YES;
				CLANG_WARN_DEPRECATED_OBJC_IMPLEMENTATIONS = YES;
				CLANG_WARN_DIRECT_OBJC_ISA_USAGE = YES_ERROR;
				CLANG_WARN_DOCUMENTATION_COMMENTS = YES;
				CLANG_WARN_EMPTY_BODY = YES;
				CLANG_WARN_ENUM_CONVERSION = YES;
				CLANG_WARN_INFINITE_RECURSION = YES;
				CLANG_WARN_INT_CONVERSION = YES;
				CLANG_WARN_NON_LITERAL_NULL_CONVERSION = YES;
				CLANG_WARN_OBJC_IMPLICIT_RETAIN_SELF = YES;
				CLANG_WARN_OBJC_LITERAL_CONVERSION = YES;
				CLANG_WARN_OBJC_ROOT_CLASS = YES_ERROR;
				CLANG_WARN_RANGE_LOOP_ANALYSIS = YES;
				CLANG_WARN_STRICT_PROTOTYPES = YES;
				CLANG_WARN_SUSPICIOUS_MOVE = YES;
				CLANG_WARN_UNGUARDED_AVAILABILITY = YES_AGGRESSIVE;
				CLANG_WARN_UNREACHABLE_CODE = YES;
				CLANG_WARN__DUPLICATE_METHOD_MATCH = YES;
				COPY_PHASE_STRIP = NO;
				DEBUG_INFORMATION_FORMAT = dwarf;
				ENABLE_STRICT_OBJC_MSGSEND = YES;
				ENABLE_TESTABILITY = YES;
				GCC_C_LANGUAGE_STANDARD = gnu11;
				GCC_DYNAMIC_NO_PIC = NO;
				GCC_NO_COMMON_BLOCKS = YES;
				GCC_OPTIMIZATION_LEVEL = 0;
				GCC_PREPROCESSOR_DEFINITIONS = (
					"DEBUG=1",
					"$(inherited)",
				);
				GCC_WARN_64_TO_32_BIT_CONVERSION = YES;
				GCC_WARN_ABOUT_RETURN_TYPE = YES_ERROR;
				GCC_WARN_UNDECLARED_SELECTOR = YES;
				GCC_WARN_UNINITIALIZED_AUTOS = YES_AGGRESSIVE;
				GCC_WARN_UNUSED_FUNCTION = YES;
				GCC_WARN_UNUSED_VARIABLE = YES;
				IPHONEOS_DEPLOYMENT_TARGET = 13.2;
				MTL_ENABLE_DEBUG_INFO = INCLUDE_SOURCE;
				MTL_FAST_MATH = YES;
				ONLY_ACTIVE_ARCH = YES;
				SDKROOT = iphoneos;
				SWIFT_ACTIVE_COMPILATION_CONDITIONS = DEBUG;
				SWIFT_OPTIMIZATION_LEVEL = "-Onone";
			};
			name = Debug;
		};
		3BFC8FAE2784BA730038BDBB /* Release */ = {
			isa = XCBuildConfiguration;
			buildSettings = {
				ALWAYS_SEARCH_USER_PATHS = NO;
				CLANG_ANALYZER_LOCALIZABILITY_NONLOCALIZED = YES;
				CLANG_ANALYZER_NONNULL = YES;
				CLANG_ANALYZER_NUMBER_OBJECT_CONVERSION = YES_AGGRESSIVE;
				CLANG_CXX_LANGUAGE_STANDARD = "gnu++14";
				CLANG_CXX_LIBRARY = "libc++";
				CLANG_ENABLE_MODULES = YES;
				CLANG_ENABLE_OBJC_ARC = YES;
				CLANG_ENABLE_OBJC_WEAK = YES;
				CLANG_WARN_BLOCK_CAPTURE_AUTORELEASING = YES;
				CLANG_WARN_BOOL_CONVERSION = YES;
				CLANG_WARN_COMMA = YES;
				CLANG_WARN_CONSTANT_CONVERSION = YES;
				CLANG_WARN_DEPRECATED_OBJC_IMPLEMENTATIONS = YES;
				CLANG_WARN_DIRECT_OBJC_ISA_USAGE = YES_ERROR;
				CLANG_WARN_DOCUMENTATION_COMMENTS = YES;
				CLANG_WARN_EMPTY_BODY = YES;
				CLANG_WARN_ENUM_CONVERSION = YES;
				CLANG_WARN_INFINITE_RECURSION = YES;
				CLANG_WARN_INT_CONVERSION = YES;
				CLANG_WARN_NON_LITERAL_NULL_CONVERSION = YES;
				CLANG_WARN_OBJC_IMPLICIT_RETAIN_SELF = YES;
				CLANG_WARN_OBJC_LITERAL_CONVERSION = YES;
				CLANG_WARN_OBJC_ROOT_CLASS = YES_ERROR;
				CLANG_WARN_RANGE_LOOP_ANALYSIS = YES;
				CLANG_WARN_STRICT_PROTOTYPES = YES;
				CLANG_WARN_SUSPICIOUS_MOVE = YES;
				CLANG_WARN_UNGUARDED_AVAILABILITY = YES_AGGRESSIVE;
				CLANG_WARN_UNREACHABLE_CODE = YES;
				CLANG_WARN__DUPLICATE_METHOD_MATCH = YES;
				COPY_PHASE_STRIP = NO;
				DEBUG_INFORMATION_FORMAT = "dwarf-with-dsym";
				ENABLE_NS_ASSERTIONS = NO;
				ENABLE_STRICT_OBJC_MSGSEND = YES;
				GCC_C_LANGUAGE_STANDARD = gnu11;
				GCC_NO_COMMON_BLOCKS = YES;
				GCC_WARN_64_TO_32_BIT_CONVERSION = YES;
				GCC_WARN_ABOUT_RETURN_TYPE = YES_ERROR;
				GCC_WARN_UNDECLARED_SELECTOR = YES;
				GCC_WARN_UNINITIALIZED_AUTOS = YES_AGGRESSIVE;
				GCC_WARN_UNUSED_FUNCTION = YES;
				GCC_WARN_UNUSED_VARIABLE = YES;
				IPHONEOS_DEPLOYMENT_TARGET = 13.2;
				MTL_ENABLE_DEBUG_INFO = NO;
				MTL_FAST_MATH = YES;
				SDKROOT = iphoneos;
				SWIFT_COMPILATION_MODE = wholemodule;
				SWIFT_OPTIMIZATION_LEVEL = "-O";
				VALIDATE_PRODUCT = YES;
			};
			name = Release;
		};
		3BFC8FB02784BA730038BDBB /* Debug */ = {
			isa = XCBuildConfiguration;
			buildSettings = {
				ASSETCATALOG_COMPILER_APPICON_NAME = AppIcon;
				CODE_SIGN_STYLE = Automatic;
				INFOPLIST_FILE = Notes/Info.plist;
				LD_RUNPATH_SEARCH_PATHS = (
					"$(inherited)",
					"@executable_path/Frameworks",
				);
				PRODUCT_BUNDLE_IDENTIFIER = boehm.Notes;
				PRODUCT_NAME = "$(TARGET_NAME)";
				SWIFT_VERSION = 5.0;
				TARGETED_DEVICE_FAMILY = "1,2";
			};
			name = Debug;
		};
		3BFC8FB12784BA730038BDBB /* Release */ = {
			isa = XCBuildConfiguration;
			buildSettings = {
				ASSETCATALOG_COMPILER_APPICON_NAME = AppIcon;
				CODE_SIGN_STYLE = Automatic;
				INFOPLIST_FILE = Notes/Info.plist;
				LD_RUNPATH_SEARCH_PATHS = (
					"$(inherited)",
					"@executable_path/Frameworks",
				);
				PRODUCT_BUNDLE_IDENTIFIER = boehm.Notes;
				PRODUCT_NAME = "$(TARGET_NAME)";
				SWIFT_VERSION = 5.0;
				TARGETED_DEVICE_FAMILY = "1,2";
			};
			name = Release;
		};
/* End XCBuildConfiguration section */

/* Begin XCConfigurationList section */
		3BFC8F932784BA720038BDBB /* Build configuration list for PBXProject "Notes" */ = {
			isa = XCConfigurationList;
			buildConfigurations = (
				3BFC8FAD2784BA730038BDBB /* Debug */,
				3BFC8FAE2784BA730038BDBB /* Release */,
			);
			defaultConfigurationIsVisible = 0;
			defaultConfigurationName = Release;
		};
		3BFC8FAF2784BA730038BDBB /* Build configuration list for PBXNativeTarget "Notes" */ = {
			isa = XCConfigurationList;
			buildConfigurations = (
				3BFC8FB02784BA730038BDBB /* Debug */,
				3BFC8FB12784BA730038BDBB /* Release */,
			);
			defaultConfigurationIsVisible = 0;
			defaultConfigurationName = Release;
		};
/* End XCConfigurationList section */

/* Begin XCVersionGroup section */
		3BFC8FA42784BA720038BDBB /* Notes.xcdatamodeld */ = {
			isa = XCVersionGroup;
			children = (
				3BFC8FA52784BA720038BDBB /* Notes.xcdatamodel */,
			);
			currentVersion = 3BFC8FA52784BA720038BDBB /* Notes.xcdatamodel */;
			path = Notes.xcdatamodeld;
			sourceTree = "<group>";
			versionGroupType = wrapper.xcdatamodel;
		};
/* End XCVersionGroup section */
	};
	rootObject = 3BFC8F902784BA720038BDBB /* Project object */;
}
